
Microsoft Visual Studio Solution File, Format Version 12.00
# Visual Studio Version 16
VisualStudioVersion = 16.0.29215.179
MinimumVisualStudioVersion = 10.0.40219.1
Project("{FAE04EC0-301F-11D3-BF4B-00C04F79EFBC}") = "lab42", "lab42\lab42.csproj", "{A7C2A8FE-4DB0-42A5-89F8-BF9C11862744}"
EndProject
Global
	GlobalSection(SolutionConfigurationPlatforms) = preSolution
		Debug|Any CPU = Debug|Any CPU
		Release|Any CPU = Release|Any CPU
	EndGlobalSection
	GlobalSection(ProjectConfigurationPlatforms) = postSolution
		{A7C2A8FE-4DB0-42A5-89F8-BF9C11862744}.Debug|Any CPU.ActiveCfg = Debug|Any CPU
		{A7C2A8FE-4DB0-42A5-89F8-BF9C11862744}.Debug|Any CPU.Build.0 = Debug|Any CPU
		{A7C2A8FE-4DB0-42A5-89F8-BF9C11862744}.Release|Any CPU.ActiveCfg = Release|Any CPU
		{A7C2A8FE-4DB0-42A5-89F8-BF9C11862744}.Release|Any CPU.Build.0 = Release|Any CPU
	EndGlobalSection
	GlobalSection(SolutionProperties) = preSolution
		HideSolutionNode = FALSE
	EndGlobalSection
	GlobalSection(ExtensibilityGlobals) = postSolution
		SolutionGuid = {E984B34C-7C77-4546-A9E2-153A34098F16}
	EndGlobalSection
EndGlobal
